# THIS IS AN AUTOGENERATED FILE. DO NOT EDIT THIS FILE DIRECTLY.
# yarn lockfile v1


"@cspotcode/source-map-support@^0.8.0":
  version "0.8.1"
  resolved "https://registry.yarnpkg.com/@cspotcode/source-map-support/-/source-map-support-0.8.1.tgz#00629c35a688e05a88b1cda684fb9d5e73f000a1"
  integrity sha512-IchNf6dN4tHoMFIn/7OE8LWZ19Y6q/67Bmf6vnGREv8RSbBVb9LPJxEcnwrcwX6ixSvaiGoomAUvu4YSxXrVgw==
  dependencies:
    "@jridgewell/trace-mapping" "0.3.9"

"@esbuild/android-arm64@0.16.13":
  version "0.16.13"
  resolved "https://registry.yarnpkg.com/@esbuild/android-arm64/-/android-arm64-0.16.13.tgz#1fc9bfbff0bac558008b2ad7242db1c8024d8cfd"
  integrity sha512-r4xetsd1ez1NF9/9R2f9Q6AlxqiZLwUqo7ICOcvEVwopVkXUcspIjEbJk0EVTgT6Cp5+ymzGPT6YNV0ievx4yA==

"@esbuild/android-arm@0.16.13":
  version "0.16.13"
  resolved "https://registry.yarnpkg.com/@esbuild/android-arm/-/android-arm-0.16.13.tgz#df3317286eed68c727daf39c2d585625f9c2f170"
  integrity sha512-JmtqThupn9Yf+FzANE+GG73ASUkssnPwOsndUElhp23685QzRK+MO1UompOlBaXV9D5FTuYcPnw7p4mCq2YbZQ==

"@esbuild/android-x64@0.16.13":
  version "0.16.13"
  resolved "https://registry.yarnpkg.com/@esbuild/android-x64/-/android-x64-0.16.13.tgz#c34826c4bdc57c60cbfb8d5bbd2306a89225626a"
  integrity sha512-hKt1bFht/Vtp0xJ0ZVzFMnPy1y1ycmM3KNnp3zsyZfQmw7nhs2WLO4vxdR5YG+6RsHKCb2zbZ3VwlC0Tij0qyA==

"@esbuild/darwin-arm64@0.16.13":
  version "0.16.13"
  resolved "https://registry.yarnpkg.com/@esbuild/darwin-arm64/-/darwin-arm64-0.16.13.tgz#0b80c8580c262ccfb1203053201cf19c6f7b4cdb"
  integrity sha512-ogrVuNi2URocrr3Ps20f075EMm9V7IeenOi9FRj4qdbT6mQlwLuP4l90PW2iBrKERx0oRkcZprEUNsz/3xd7ww==

"@esbuild/darwin-x64@0.16.13":
  version "0.16.13"
  resolved "https://registry.yarnpkg.com/@esbuild/darwin-x64/-/darwin-x64-0.16.13.tgz#f1a6c9ea67d4eaaf4944e1cbceb800eabc6e7e74"
  integrity sha512-Agajik9SBGiKD7FPXE+ExW6x3MgA/dUdpZnXa9y1tyfE4lKQx+eQiknSdrBnWPeqa9wL0AOvkhghmYhpVkyqkA==

"@esbuild/freebsd-arm64@0.16.13":
  version "0.16.13"
  resolved "https://registry.yarnpkg.com/@esbuild/freebsd-arm64/-/freebsd-arm64-0.16.13.tgz#d1a45ac5c4a1be566c4eefbadbe5a967288ad338"
  integrity sha512-KxMO3/XihBcHM+xQUM6nQZO1SgQuOsd1DCnKF1a4SIf/i5VD45vrqN3k8ePgFrEbMi7m5JeGmvNqwJXinF0a4Q==

"@esbuild/freebsd-x64@0.16.13":
  version "0.16.13"
  resolved "https://registry.yarnpkg.com/@esbuild/freebsd-x64/-/freebsd-x64-0.16.13.tgz#ec64a31cabb08343bb4520a221324b40509dffc8"
  integrity sha512-Ez15oqV1vwvZ30cVLeBW14BsWq/fdWNQGMOxxqaSJVQVLqHhvgfQ7gxGDiN9tpJdeQhqJO+Q0r02/Tce5+USNg==

"@esbuild/linux-arm64@0.16.13":
  version "0.16.13"
  resolved "https://registry.yarnpkg.com/@esbuild/linux-arm64/-/linux-arm64-0.16.13.tgz#e8db3c3751b32ecf801751424eae43f6863a2ee7"
  integrity sha512-qi5n7KwcGViyJeZeQnu8fB6dC3Mlm5PGaqSv2HhQDDx/MPvVfQGNMcv7zcBL4qk3FkuWhGVwXkjQ76x7R0PWlA==

"@esbuild/linux-arm@0.16.13":
  version "0.16.13"
  resolved "https://registry.yarnpkg.com/@esbuild/linux-arm/-/linux-arm-0.16.13.tgz#ac0c8e9f3db8d418f588ae250e9c66ffdcf3cd82"
  integrity sha512-18dLd2L3mda+iFj6sswyBMSh2UwniamD9M4DwPv8VM+9apRFlQ5IGKxBdumnTuOI4NvwwAernmUseWhYQ9k+rg==

"@esbuild/linux-ia32@0.16.13":
  version "0.16.13"
  resolved "https://registry.yarnpkg.com/@esbuild/linux-ia32/-/linux-ia32-0.16.13.tgz#41ee9bd3b7161ab681fab6cb3990a3f5c08a9940"
  integrity sha512-2489Xad9sr+6GD7nB913fUqpCsSwVwgskkQTq4Or2mZntSPYPebyJm8l1YruHo7oqYMTGV6RiwGE4gRo3H+EPQ==

"@esbuild/linux-loong64@0.16.13":
  version "0.16.13"
  resolved "https://registry.yarnpkg.com/@esbuild/linux-loong64/-/linux-loong64-0.16.13.tgz#e4a832708e0b47078b91413edcfdb6af88c854a3"
  integrity sha512-x8KplRu9Y43Px8I9YS+sPBwQ+fw44Mvp2BPVADopKDWz+h3fcj1BvRU58kxb89WObmwKX9sWdtYzepL4Fmx03A==

"@esbuild/linux-mips64el@0.16.13":
  version "0.16.13"
  resolved "https://registry.yarnpkg.com/@esbuild/linux-mips64el/-/linux-mips64el-0.16.13.tgz#30d8571b71e0b8bf25fc5ef11422221ed23cdacc"
  integrity sha512-qhhdWph9FLwD9rVVC/nUf7k2U4NZIA6/mGx0B7+O6PFV0GjmPA2E3zDQ4NUjq9P26E0DeAZy9akH9dYcUBRU7A==

"@esbuild/linux-ppc64@0.16.13":
  version "0.16.13"
  resolved "https://registry.yarnpkg.com/@esbuild/linux-ppc64/-/linux-ppc64-0.16.13.tgz#32a3855d4b79ba1d2b63dab592cb9f0d4a9ba485"
  integrity sha512-cVWAPKsrRVxI1jCeJHnYSbE3BrEU+pZTZK2gfao9HRxuc+3m4+RLfs3EVEpGLmMKEcWfVCB9wZ3yNxnknutGKQ==

"@esbuild/linux-riscv64@0.16.13":
  version "0.16.13"
  resolved "https://registry.yarnpkg.com/@esbuild/linux-riscv64/-/linux-riscv64-0.16.13.tgz#6139202858da8202724d7079102614c269524f34"
  integrity sha512-Agb7dbRyZWnmPn5Vvf0eyqaEUqSsaIUwwyInu2EoFTaIDRp093QU2M5alUyOooMLkRbD1WvqQNwx08Z/g+SAcQ==

"@esbuild/linux-s390x@0.16.13":
  version "0.16.13"
  resolved "https://registry.yarnpkg.com/@esbuild/linux-s390x/-/linux-s390x-0.16.13.tgz#df3550a51e4155cde31486e01d8121f078e959ae"
  integrity sha512-AqRBIrc/+kl08ahliNG+EyU+j41wIzQfwBTKpi80cCDiYvYFPuXjvzZsD9muiu58Isj0RVni9VgC4xK/AnSW4g==

"@esbuild/linux-x64@0.16.13":
  version "0.16.13"
  resolved "https://registry.yarnpkg.com/@esbuild/linux-x64/-/linux-x64-0.16.13.tgz#deb7951829ea5930e0d88440aeb5df0756ebb2d0"
  integrity sha512-S4wn2BimuhPcoArRtVrdHUKIymCCZcYAXQE47kUiX4yrUrEX2/ifn5eKNbZ5c1jJKUlh1gC2ESIN+iw3wQax3g==

"@esbuild/netbsd-x64@0.16.13":
  version "0.16.13"
  resolved "https://registry.yarnpkg.com/@esbuild/netbsd-x64/-/netbsd-x64-0.16.13.tgz#8cba08074263862138cc5c63ad7f9640fe3faa69"
  integrity sha512-2c8JWgfUMlQHTdaR5X3xNMwqOyad8kgeCupuVkdm3QkUOzGREjlTETQsK6oHifocYzDCo9FeKcUwsK356SdR+g==

"@esbuild/openbsd-x64@0.16.13":
  version "0.16.13"
  resolved "https://registry.yarnpkg.com/@esbuild/openbsd-x64/-/openbsd-x64-0.16.13.tgz#4ae19ac63c665424d248ba5c577618dd7bbcebd5"
  integrity sha512-Bwh+PmKD/LK+xBjqIpnYnKYj0fIyQJ0YpRxsn0F+WfzvQ2OA+GKDlf8AHosiCns26Q4Dje388jQVwfOBZ1GaFw==

"@esbuild/sunos-x64@0.16.13":
  version "0.16.13"
  resolved "https://registry.yarnpkg.com/@esbuild/sunos-x64/-/sunos-x64-0.16.13.tgz#592caacab6b2c7669cd869b51f66dc354da03fc2"
  integrity sha512-8wwk6f9XGnhrF94/DBdFM4Xm1JeCyGTCj67r516VS9yvBVQf3Rar54L+XPVDs/oZOokwH+XsktrgkuTMAmjntg==

"@esbuild/win32-arm64@0.16.13":
  version "0.16.13"
  resolved "https://registry.yarnpkg.com/@esbuild/win32-arm64/-/win32-arm64-0.16.13.tgz#965ebbe889e4221962250c55facaa1e48130c162"
  integrity sha512-Jmwbp/5ArLCiRAHC33ODfcrlIcbP/exXkOEUVkADNJC4e/so2jm+i8IQFvVX/lA2GWvK3GdgcN0VFfp9YITAbg==

"@esbuild/win32-ia32@0.16.13":
  version "0.16.13"
  resolved "https://registry.yarnpkg.com/@esbuild/win32-ia32/-/win32-ia32-0.16.13.tgz#1b04965bcf340ba4879b452ac32df63216d4c87e"
  integrity sha512-AX6WjntGjhJHzrPSVvjMD7grxt41koHfAOx6lxLorrpDwwIKKPaGDASPZgvFIZHTbwhOtILW6vAXxYPDsKpDJA==

"@esbuild/win32-x64@0.16.13":
  version "0.16.13"
  resolved "https://registry.yarnpkg.com/@esbuild/win32-x64/-/win32-x64-0.16.13.tgz#0b0989cf0e7887cb0f3124e705cee68a694b96dd"
  integrity sha512-A+U4gM6OOkPS03UgVU08GTpAAAxPsP/8Z4FmneGo4TaVSD99bK9gVJXlqUEPMO/htFXEAht2O6pX4ErtLY5tVg==

"@jridgewell/resolve-uri@^3.0.3":
  version "3.1.0"
  resolved "https://registry.yarnpkg.com/@jridgewell/resolve-uri/-/resolve-uri-3.1.0.tgz#2203b118c157721addfe69d47b70465463066d78"
  integrity sha512-F2msla3tad+Mfht5cJq7LSXcdudKTWCVYUgw6pLFOOHSTtZlj6SWNYAp+AhuqLmWdBO2X5hPrLcu8cVP8fy28w==

"@jridgewell/sourcemap-codec@^1.4.10":
  version "1.4.14"
  resolved "https://registry.yarnpkg.com/@jridgewell/sourcemap-codec/-/sourcemap-codec-1.4.14.tgz#add4c98d341472a289190b424efbdb096991bb24"
  integrity sha512-XPSJHWmi394fuUuzDnGz1wiKqWfo1yXecHQMRf2l6hztTO+nPru658AyDngaBe7isIxEkRsPR3FZh+s7iVa4Uw==

"@jridgewell/trace-mapping@0.3.9":
  version "0.3.9"
  resolved "https://registry.yarnpkg.com/@jridgewell/trace-mapping/-/trace-mapping-0.3.9.tgz#6534fd5933a53ba7cbf3a17615e273a0d1273ff9"
  integrity sha512-3Belt6tdc8bPgAtbcmdtNJlirVoTmEb5e2gC94PnkwEW9jI6CAHUeoG85tjWP5WquqfavoMtMwiG4P926ZKKuQ==
  dependencies:
    "@jridgewell/resolve-uri" "^3.0.3"
    "@jridgewell/sourcemap-codec" "^1.4.10"

"@tsconfig/node10@^1.0.7":
  version "1.0.9"
  resolved "https://registry.yarnpkg.com/@tsconfig/node10/-/node10-1.0.9.tgz#df4907fc07a886922637b15e02d4cebc4c0021b2"
  integrity sha512-jNsYVVxU8v5g43Erja32laIDHXeoNvFEpX33OK4d6hljo3jDhCBDhx5dhCCTMWUojscpAagGiRkBKxpdl9fxqA==

"@tsconfig/node12@^1.0.7":
  version "1.0.11"
  resolved "https://registry.yarnpkg.com/@tsconfig/node12/-/node12-1.0.11.tgz#ee3def1f27d9ed66dac6e46a295cffb0152e058d"
  integrity sha512-cqefuRsh12pWyGsIoBKJA9luFu3mRxCA+ORZvA4ktLSzIuCUtWVxGIuXigEwO5/ywWFMZ2QEGKWvkZG1zDMTag==

"@tsconfig/node14@^1.0.0":
  version "1.0.3"
  resolved "https://registry.yarnpkg.com/@tsconfig/node14/-/node14-1.0.3.tgz#e4386316284f00b98435bf40f72f75a09dabf6c1"
  integrity sha512-ysT8mhdixWK6Hw3i1V2AeRqZ5WfXg1G43mqoYlM2nc6388Fq5jcXyr5mRsqViLx/GJYdoL0bfXD8nmF+Zn/Iow==

"@tsconfig/node16@^1.0.2":
  version "1.0.3"
  resolved "https://registry.yarnpkg.com/@tsconfig/node16/-/node16-1.0.3.tgz#472eaab5f15c1ffdd7f8628bd4c4f753995ec79e"
  integrity sha512-yOlFc+7UtL/89t2ZhjPvvB/DeAr3r+Dq58IgzsFkOAvVC6NMJXmCGjbptdXdR9qsX7pKcTL+s87FtYREi2dEEQ==

"@tsconfig/strictest@^1.0.2":
  version "1.0.2"
  resolved "https://registry.yarnpkg.com/@tsconfig/strictest/-/strictest-1.0.2.tgz#aff98cd714dbd1722c9229eed2dcf3fc6fd30fd9"
  integrity sha512-IRKlC8cnP7zMz1SDBjyIVyPapkEGWLZ6wkF6Z8T+xU80P9sO5uGXlIUvtzjx+7ehPJRWxkB6CeIDwUfyqNtYkQ==

"@types/node@^18.11.18":
  version "18.11.18"
  resolved "https://registry.yarnpkg.com/@types/node/-/node-18.11.18.tgz#8dfb97f0da23c2293e554c5a50d61ef134d7697f"
  integrity sha512-DHQpWGjyQKSHj3ebjFI/wRKcqQcdR+MoFBygntYOZytCqNfkd2ZC4ARDJ2DQqhjH5p85Nnd3jhUJIXrszFX/JA==

acorn-walk@^8.1.1:
  version "8.2.0"
  resolved "https://registry.yarnpkg.com/acorn-walk/-/acorn-walk-8.2.0.tgz#741210f2e2426454508853a2f44d0ab83b7f69c1"
  integrity sha512-k+iyHEuPgSw6SbuDpGQM+06HQUa04DZ3o+F6CSzXMvvI5KMvnaEqXe+YVe555R9nn6GPt404fos4wcgpw12SDA==

acorn@^8.4.1:
  version "8.8.1"
  resolved "https://registry.yarnpkg.com/acorn/-/acorn-8.8.1.tgz#0a3f9cbecc4ec3bea6f0a80b66ae8dd2da250b73"
  integrity sha512-7zFpHzhnqYKrkYdUjF1HI1bzd0VygEGX8lFk4k5zVMqHEoES+P+7TKI+EvLO9WVMJ8eekdO0aDEK044xTXwPPA==

arg@^4.1.0:
  version "4.1.3"
  resolved "https://registry.yarnpkg.com/arg/-/arg-4.1.3.tgz#269fc7ad5b8e42cb63c896d5666017261c144089"
  integrity sha512-58S9QDqG0Xx27YwPSt9fJxivjYl432YCwfDMfZ+71RAqUrZef7LrKQZ3LHLOwCS4FLNBplP533Zx895SeOCHvA==

create-require@^1.1.0:
  version "1.1.1"
  resolved "https://registry.yarnpkg.com/create-require/-/create-require-1.1.1.tgz#c1d7e8f1e5f6cfc9ff65f9cd352d37348756c333"
  integrity sha512-dcKFX3jn0MpIaXjisoRvexIJVEKzaq7z2rZKxf+MSr9TkdmHmsU4m2lcLojrj/FHl8mk5VxMmYA+ftRkP/3oKQ==

dayjs@^1.11.7:
  version "1.11.7"
  resolved "https://registry.yarnpkg.com/dayjs/-/dayjs-1.11.7.tgz#4b296922642f70999544d1144a2c25730fce63e2"
  integrity sha512-+Yw9U6YO5TQohxLcIkrXBeY73WP3ejHWVvx8XCk3gxvQDCTEmS48ZrSZCKciI7Bhl/uCMyxYtE9UqRILmFphkQ==

diff@^4.0.1:
  version "4.0.2"
  resolved "https://registry.yarnpkg.com/diff/-/diff-4.0.2.tgz#60f3aecb89d5fae520c11aa19efc2bb982aade7d"
  integrity sha512-58lmxKSA4BNyLz+HHMUzlOEpg09FV+ev6ZMe3vJihgdxzgcwZ8VoEEPmALCZG9LmqfVoNMMKpttIYTVG6uDY7A==

esbuild@^0.16.13:
  version "0.16.13"
  resolved "https://registry.yarnpkg.com/esbuild/-/esbuild-0.16.13.tgz#83cd347c28221268bbfa0425db532d7d05f85b48"
  integrity sha512-oYwFdSEIoKM1oYzyem1osgKJAvg5447XF+05ava21fOtilyb2HeQQh26/74K4WeAk5dZmj/Mx10zUqUnI14jhA==
  optionalDependencies:
    "@esbuild/android-arm" "0.16.13"
    "@esbuild/android-arm64" "0.16.13"
    "@esbuild/android-x64" "0.16.13"
    "@esbuild/darwin-arm64" "0.16.13"
    "@esbuild/darwin-x64" "0.16.13"
    "@esbuild/freebsd-arm64" "0.16.13"
    "@esbuild/freebsd-x64" "0.16.13"
    "@esbuild/linux-arm" "0.16.13"
    "@esbuild/linux-arm64" "0.16.13"
    "@esbuild/linux-ia32" "0.16.13"
    "@esbuild/linux-loong64" "0.16.13"
    "@esbuild/linux-mips64el" "0.16.13"
    "@esbuild/linux-ppc64" "0.16.13"
    "@esbuild/linux-riscv64" "0.16.13"
    "@esbuild/linux-s390x" "0.16.13"
    "@esbuild/linux-x64" "0.16.13"
    "@esbuild/netbsd-x64" "0.16.13"
    "@esbuild/openbsd-x64" "0.16.13"
    "@esbuild/sunos-x64" "0.16.13"
    "@esbuild/win32-arm64" "0.16.13"
    "@esbuild/win32-ia32" "0.16.13"
    "@esbuild/win32-x64" "0.16.13"

make-error@^1.1.1:
  version "1.3.6"
  resolved "https://registry.yarnpkg.com/make-error/-/make-error-1.3.6.tgz#2eb2e37ea9b67c4891f684a1394799af484cf7a2"
  integrity sha512-s8UhlNe7vPKomQhC1qFelMokr/Sc3AgNbso3n74mVPA5LTZwkB9NlXf4XPamLxJE8h0gh73rM94xvwRT2CVInw==

ts-node@^10.9.1:
  version "10.9.1"
  resolved "https://registry.yarnpkg.com/ts-node/-/ts-node-10.9.1.tgz#e73de9102958af9e1f0b168a6ff320e25adcff4b"
  integrity sha512-NtVysVPkxxrwFGUUxGYhfux8k78pQB3JqYBXlLRZgdGUqTO5wU/UyHop5p70iEbGhB7q5KmiZiU0Y3KlJrScEw==
  dependencies:
    "@cspotcode/source-map-support" "^0.8.0"
    "@tsconfig/node10" "^1.0.7"
    "@tsconfig/node12" "^1.0.7"
    "@tsconfig/node14" "^1.0.0"
    "@tsconfig/node16" "^1.0.2"
    acorn "^8.4.1"
    acorn-walk "^8.1.1"
    arg "^4.1.0"
    create-require "^1.1.0"
    diff "^4.0.1"
    make-error "^1.1.1"
    v8-compile-cache-lib "^3.0.1"
    yn "3.1.1"

typescript@^4.9.4:
  version "4.9.4"
  resolved "https://registry.yarnpkg.com/typescript/-/typescript-4.9.4.tgz#a2a3d2756c079abda241d75f149df9d561091e78"
  integrity sha512-Uz+dTXYzxXXbsFpM86Wh3dKCxrQqUcVMxwU54orwlJjOpO3ao8L7j5lH+dWfTwgCwIuM9GQ2kvVotzYJMXTBZg==

v8-compile-cache-lib@^3.0.1:
  version "3.0.1"
  resolved "https://registry.yarnpkg.com/v8-compile-cache-lib/-/v8-compile-cache-lib-3.0.1.tgz#6336e8d71965cb3d35a1bbb7868445a7c05264bf"
  integrity sha512-wa7YjyUGfNZngI/vtK0UHAN+lgDCxBPCylVXGp0zu59Fz5aiGtNXaq3DhIov063MorB+VfufLh3JlF2KdTK3xg==

yn@3.1.1:
  version "3.1.1"
  resolved "https://registry.yarnpkg.com/yn/-/yn-3.1.1.tgz#1e87401a09d767c1d5eab26a6e4c185182d2eb50"
  integrity sha512-Ux4ygGWsu2c7isFWe8Yu1YluJmqVhxqK2cLXNQA5AcC3QfbGNpM7fu0Y8b/z16pXLnFxZYvWhd3fhBY9DLmC6Q==
